hash: 83bd6d9434addfaca757f298d2f635aaa9b94e178e82feed1bd08fd553ec0fa6
updated: 2016-05-25T12:20:22.818436643+02:00
imports:
- name: github.com/codegangsta/cli
  version: c31a7975863e7810c92e2e288a9ab074f9a88f29
- name: github.com/stretchr/testify
  version: f390dcf405f7b83c997eac1b06768bb9f44dec18
  subpackages:
  - assert
devImports: []
