github.com/davecgh/go-spew v1.1.1 h1:vj9j/u1bqnvCEfJOwUhtlOARqs3+rkHYY13jYWTU97c=
github.com/davecgh/go-spew v1.1.1/go.mod h1:J7Y8YcW2NihsgmVo/mv3lAwl/skON4iLHjSsI+c5H38=
github.com/fullsailor/pkcs7 v0.0.0-20160414161337-2585af45975b h1:074/xhloHUBOpTZwlIzQ28rbPY8pNJvzY7Gcx5KnNOk=
github.com/fullsailor/pkcs7 v0.0.0-20160414161337-2585af45975b/go.mod h1:KnogPXtdwXqoenmZCw6S+25EAm2MkxbG0deNDu4cbSA=
github.com/pmezard/go-difflib v1.0.0 h1:4DBwDE0NGyQoBHbLQYPwSUPoCMWR5BEzIk/f1lZbAQM=
github.com/pmezard/go-difflib v1.0.0/go.mod h1:iKH77koFhYxTK1pcRnkKkqfTogsbg7gZNVY4sRDYZ/4=
github.com/stretchr/testify v1.1.3 h1:76sIvNG1I8oBerx/MvuVHh5HBWBW7oxfsi3snKIsz5w=
github.com/stretchr/testify v1.1.3/go.mod h1:a8OnRcib4nhh0OaRAV+Yts87kKdq0PP7pXfy6kDkUVs=
github.com/urfave/cli v1.17.1-0.20160602030128-01a33823596e h1:1zr2yFFzJgKc0wabiXLodzEBjVP/dSl5Ff9kWoBfV5M=
github.com/urfave/cli v1.17.1-0.20160602030128-01a33823596e/go.mod h1:70zkFmudgCuE/ngEzBv17Jvp/497gISqfk5gWijbERA=
